
Microsoft Visual Studio Solution File, Format Version 12.00
# Visual Studio Version 16
VisualStudioVersion = 16.0.29306.81
MinimumVisualStudioVersion = 10.0.40219.1
Project("{FAE04EC0-301F-11D3-BF4B-00C04F79EFBC}") = "Minesweeper", "Minesweeper\Minesweeper.csproj", "{19A84B91-D1A7-4D46-99E0-B62A4CFB106B}"
EndProject
Project("{54435603-DBB4-11D2-8724-00A0C9A8B90C}") = "MinesweeperInstaller", "MinesweeperInstaller\MinesweeperInstaller.vdproj", "{6BDE05E4-8790-4A81-90DF-D274DC198668}"
EndProject
Global
	GlobalSection(SolutionConfigurationPlatforms) = preSolution
		Debug|Any CPU = Debug|Any CPU
		Release|Any CPU = Release|Any CPU
	EndGlobalSection
	GlobalSection(ProjectConfigurationPlatforms) = postSolution
		{19A84B91-D1A7-4D46-99E0-B62A4CFB106B}.Debug|Any CPU.ActiveCfg = Debug|Any CPU
		{19A84B91-D1A7-4D46-99E0-B62A4CFB106B}.Debug|Any CPU.Build.0 = Debug|Any CPU
		{19A84B91-D1A7-4D46-99E0-B62A4CFB106B}.Release|Any CPU.ActiveCfg = Release|Any CPU
		{19A84B91-D1A7-4D46-99E0-B62A4CFB106B}.Release|Any CPU.Build.0 = Release|Any CPU
		{6BDE05E4-8790-4A81-90DF-D274DC198668}.Debug|Any CPU.ActiveCfg = Debug
		{6BDE05E4-8790-4A81-90DF-D274DC198668}.Release|Any CPU.ActiveCfg = Release
	EndGlobalSection
	GlobalSection(SolutionProperties) = preSolution
		HideSolutionNode = FALSE
	EndGlobalSection
	GlobalSection(ExtensibilityGlobals) = postSolution
		SolutionGuid = {6F3D5B22-2577-4A32-A1CD-2AF3D7CFF3FF}
	EndGlobalSection
EndGlobal
